// !$*UTF8*$!
{
	archiveVersion = 1;
	classes = {
	};
	objectVersion = 45;
	objects = {

/* Begin PBXBuildFile section */
		1F2A8A9D10A4C3D500E03417 /* xsfftdemo.c in Sources */ = {isa = PBXBuildFile; fileRef = 1F2A8A9710A4C3D500E03417 /* xsfftdemo.c */; };
		1F2A8AA010A4C3D500E03417 /* xscomplex.c in Sources */ = {isa = PBXBuildFile; fileRef = 1F2A8A9A10A4C3D500E03417 /* xscomplex.c */; };
		1F2A8AA110A4C3D500E03417 /* xsfft.c in Sources */ = {isa = PBXBuildFile; fileRef = 1F2A8A9B10A4C3D500E03417 /* xsfft.c */; };
		1FED324810AB737100A2EC33 /* xsunittests.c in Sources */ = {isa = PBXBuildFile; fileRef = 1FED323D10AB724800A2EC33 /* xsunittests.c */; };
		1FED324910AB737800A2EC33 /* xscomplex.c in Sources */ = {isa = PBXBuildFile; fileRef = 1F2A8A9A10A4C3D500E03417 /* xscomplex.c */; };
		1FED324A10AB737800A2EC33 /* xsfft.c in Sources */ = {isa = PBXBuildFile; fileRef = 1F2A8A9B10A4C3D500E03417 /* xsfft.c */; };
/* End PBXBuildFile section */

/* Begin PBXCopyFilesBuildPhase section */
		8DD76F690486A84900D96B5E /* CopyFiles */ = {
			isa = PBXCopyFilesBuildPhase;
			buildActionMask = 8;
			dstPath = /usr/share/man/man1/;
			dstSubfolderSpec = 0;
			files = (
			);
			runOnlyForDeploymentPostprocessing = 1;
		};
/* End PBXCopyFilesBuildPhase section */

/* Begin PBXFileReference section */
		1F2A8A9410A4C3D500E03417 /* xscomplex.h */ = {isa = PBXFileReference; fileEncoding = 4; lastKnownFileType = sourcecode.c.h; name = xscomplex.h; path = ../xscomplex.h; sourceTree = SOURCE_ROOT; };
		1F2A8A9510A4C3D500E03417 /* xsfft.h */ = {isa = PBXFileReference; fileEncoding = 4; lastKnownFileType = sourcecode.c.h; name = xsfft.h; path = /Users/xuwen/Workspace/SamWenInc/xsfft/xsfft.h; sourceTree = "<absolute>"; };
		1F2A8A9710A4C3D500E03417 /* xsfftdemo.c */ = {isa = PBXFileReference; fileEncoding = 4; lastKnownFileType = sourcecode.c.c; name = xsfftdemo.c; path = /Users/xuwen/Workspace/SamWenInc/xsfft/xsfftdemo.c; sourceTree = "<absolute>"; };
		1F2A8A9A10A4C3D500E03417 /* xscomplex.c */ = {isa = PBXFileReference; fileEncoding = 4; lastKnownFileType = sourcecode.c.c; name = xscomplex.c; path = ../xscomplex.c; sourceTree = SOURCE_ROOT; };
		1F2A8A9B10A4C3D500E03417 /* xsfft.c */ = {isa = PBXFileReference; fileEncoding = 4; lastKnownFileType = sourcecode.c.c; name = xsfft.c; path = /Users/xuwen/Workspace/SamWenInc/xsfft/xsfft.c; sourceTree = "<absolute>"; };
		1FED323D10AB724800A2EC33 /* xsunittests.c */ = {isa = PBXFileReference; fileEncoding = 4; lastKnownFileType = sourcecode.c.c; name = xsunittests.c; path = ../xsunittests.c; sourceTree = SOURCE_ROOT; };
		1FED324410AB736700A2EC33 /* unit tests */ = {isa = PBXFileReference; explicitFileType = "compiled.mach-o.executable"; includeInIndex = 0; path = "unit tests"; sourceTree = BUILT_PRODUCTS_DIR; };
		8DD76F6C0486A84900D96B5E /* xsfft */ = {isa = PBXFileReference; explicitFileType = "compiled.mach-o.executable"; includeInIndex = 0; path = xsfft; sourceTree = BUILT_PRODUCTS_DIR; };
/* End PBXFileReference section */

/* Begin PBXFrameworksBuildPhase section */
		1FED324210AB736700A2EC33 /* Frameworks */ = {
			isa = PBXFrameworksBuildPhase;
			buildActionMask = 2147483647;
			files = (
			);
			runOnlyForDeploymentPostprocessing = 0;
		};
		8DD76F660486A84900D96B5E /* Frameworks */ = {
			isa = PBXFrameworksBuildPhase;
			buildActionMask = 2147483647;
			files = (
			);
			runOnlyForDeploymentPostprocessing = 0;
		};
/* End PBXFrameworksBuildPhase section */

/* Begin PBXGroup section */
		08FB7794FE84155DC02AAC07 /* xsfft */ = {
			isa = PBXGroup;
			children = (
				1FED324B10AB738600A2EC33 /* Usage Demo */,
				1FED323910AB714B00A2EC33 /* Unit Tests */,
				08FB7795FE84155DC02AAC07 /* Source */,
				1AB674ADFE9D54B511CA2CBB /* Products */,
			);
			name = xsfft;
			sourceTree = "<group>";
		};
		08FB7795FE84155DC02AAC07 /* Source */ = {
			isa = PBXGroup;
			children = (
				1F2A8A9410A4C3D500E03417 /* xscomplex.h */,
				1F2A8A9A10A4C3D500E03417 /* xscomplex.c */,
				1F2A8A9510A4C3D500E03417 /* xsfft.h */,
				1F2A8A9B10A4C3D500E03417 /* xsfft.c */,
			);
			name = Source;
			sourceTree = "<group>";
		};
		1AB674ADFE9D54B511CA2CBB /* Products */ = {
			isa = PBXGroup;
			children = (
				8DD76F6C0486A84900D96B5E /* xsfft */,
				1FED324410AB736700A2EC33 /* unit tests */,
			);
			name = Products;
			sourceTree = "<group>";
		};
		1FED323910AB714B00A2EC33 /* Unit Tests */ = {
			isa = PBXGroup;
			children = (
				1FED323D10AB724800A2EC33 /* xsunittests.c */,
			);
			name = "Unit Tests";
			sourceTree = "<group>";
		};
		1FED324B10AB738600A2EC33 /* Usage Demo */ = {
			isa = PBXGroup;
			children = (
				1F2A8A9710A4C3D500E03417 /* xsfftdemo.c */,
			);
			name = "Usage Demo";
			sourceTree = "<group>";
		};
/* End PBXGroup section */

/* Begin PBXNativeTarget section */
		1FED324310AB736700A2EC33 /* unit tests */ = {
			isa = PBXNativeTarget;
			buildConfigurationList = 1FED324C10AB738600A2EC33 /* Build configuration list for PBXNativeTarget "unit tests" */;
			buildPhases = (
				1FED324110AB736700A2EC33 /* Sources */,
				1FED324210AB736700A2EC33 /* Frameworks */,
			);
			buildRules = (
			);
			dependencies = (
			);
			name = "unit tests";
			productName = "unit tests";
			productReference = 1FED324410AB736700A2EC33 /* unit tests */;
			productType = "com.apple.product-type.tool";
		};
		8DD76F620486A84900D96B5E /* xsfft */ = {
			isa = PBXNativeTarget;
			buildConfigurationList = 1DEB923108733DC60010E9CD /* Build configuration list for PBXNativeTarget "xsfft" */;
			buildPhases = (
				8DD76F640486A84900D96B5E /* Sources */,
				8DD76F660486A84900D96B5E /* Frameworks */,
				8DD76F690486A84900D96B5E /* CopyFiles */,
			);
			buildRules = (
			);
			dependencies = (
			);
			name = xsfft;
			productInstallPath = "$(HOME)/bin";
			productName = xsfft;
			productReference = 8DD76F6C0486A84900D96B5E /* xsfft */;
			productType = "com.apple.product-type.tool";
		};
/* End PBXNativeTarget section */

/* Begin PBXProject section */
		08FB7793FE84155DC02AAC07 /* Project object */ = {
			isa = PBXProject;
			buildConfigurationList = 1DEB923508733DC60010E9CD /* Build configuration list for PBXProject "xsfft" */;
			compatibilityVersion = "Xcode 3.1";
			hasScannedForEncodings = 1;
			mainGroup = 08FB7794FE84155DC02AAC07 /* xsfft */;
			projectDirPath = "";
			projectRoot = "";
			targets = (
				8DD76F620486A84900D96B5E /* xsfft */,
				1FED324310AB736700A2EC33 /* unit tests */,
			);
		};
/* End PBXProject section */

/* Begin PBXSourcesBuildPhase section */
		1FED324110AB736700A2EC33 /* Sources */ = {
			isa = PBXSourcesBuildPhase;
			buildActionMask = 2147483647;
			files = (
				1FED324810AB737100A2EC33 /* xsunittests.c in Sources */,
				1FED324910AB737800A2EC33 /* xscomplex.c in Sources */,
				1FED324A10AB737800A2EC33 /* xsfft.c in Sources */,
			);
			runOnlyForDeploymentPostprocessing = 0;
		};
		8DD76F640486A84900D96B5E /* Sources */ = {
			isa = PBXSourcesBuildPhase;
			buildActionMask = 2147483647;
			files = (
				1F2A8A9D10A4C3D500E03417 /* xsfftdemo.c in Sources */,
				1F2A8AA010A4C3D500E03417 /* xscomplex.c in Sources */,
				1F2A8AA110A4C3D500E03417 /* xsfft.c in Sources */,
			);
			runOnlyForDeploymentPostprocessing = 0;
		};
/* End PBXSourcesBuildPhase section */

/* Begin XCBuildConfiguration section */
		1DEB923208733DC60010E9CD /* Debug */ = {
			isa = XCBuildConfiguration;
			buildSettings = {
				ALWAYS_SEARCH_USER_PATHS = NO;
				COPY_PHASE_STRIP = NO;
				GCC_DYNAMIC_NO_PIC = NO;
				GCC_ENABLE_FIX_AND_CONTINUE = YES;
				GCC_MODEL_TUNING = G5;
				GCC_OPTIMIZATION_LEVEL = 0;
				GCC_PREPROCESSOR_DEFINITIONS = (
					"_GLIBCXX_DEBUG=1",
					"_GLIBCXX_DEBUG_PEDANTIC=1",
				);
				INSTALL_PATH = /usr/local/bin;
				PRODUCT_NAME = xsfft;
				VALID_ARCHS = "i386 x86_64";
			};
			name = Debug;
		};
		1DEB923308733DC60010E9CD /* Release */ = {
			isa = XCBuildConfiguration;
			buildSettings = {
				ALWAYS_SEARCH_USER_PATHS = NO;
				DEBUG_INFORMATION_FORMAT = "dwarf-with-dsym";
				GCC_MODEL_TUNING = G5;
				INSTALL_PATH = /usr/local/bin;
				PRODUCT_NAME = xsfft;
				VALID_ARCHS = "i386 x86_64";
			};
			name = Release;
		};
		1DEB923608733DC60010E9CD /* Debug */ = {
			isa = XCBuildConfiguration;
			buildSettings = {
				ARCHS = "$(ARCHS_STANDARD_32_64_BIT)";
				GCC_C_LANGUAGE_STANDARD = gnu99;
				GCC_OPTIMIZATION_LEVEL = 0;
				GCC_WARN_ABOUT_RETURN_TYPE = YES;
				GCC_WARN_UNUSED_VARIABLE = YES;
				ONLY_ACTIVE_ARCH = YES;
				PREBINDING = NO;
				SDKROOT = macosx10.6;
			};
			name = Debug;
		};
		1DEB923708733DC60010E9CD /* Release */ = {
			isa = XCBuildConfiguration;
			buildSettings = {
				ARCHS = "$(ARCHS_STANDARD_32_64_BIT)";
				GCC_C_LANGUAGE_STANDARD = gnu99;
				GCC_WARN_ABOUT_RETURN_TYPE = YES;
				GCC_WARN_UNUSED_VARIABLE = YES;
				PREBINDING = NO;
				SDKROOT = macosx10.6;
			};
			name = Release;
		};
		1FED324610AB736800A2EC33 /* Debug */ = {
			isa = XCBuildConfiguration;
			buildSettings = {
				ALWAYS_SEARCH_USER_PATHS = NO;
				COPY_PHASE_STRIP = NO;
				GCC_DYNAMIC_NO_PIC = NO;
				GCC_ENABLE_FIX_AND_CONTINUE = YES;
				GCC_MODEL_TUNING = G5;
				GCC_OPTIMIZATION_LEVEL = 0;
				INSTALL_PATH = /usr/local/bin;
				PREBINDING = NO;
				PRODUCT_NAME = "unit tests";
			};
			name = Debug;
		};
		1FED324710AB736800A2EC33 /* Release */ = {
			isa = XCBuildConfiguration;
			buildSettings = {
				ALWAYS_SEARCH_USER_PATHS = NO;
				COPY_PHASE_STRIP = YES;
				DEBUG_INFORMATION_FORMAT = "dwarf-with-dsym";
				GCC_ENABLE_FIX_AND_CONTINUE = NO;
				GCC_MODEL_TUNING = G5;
				INSTALL_PATH = /usr/local/bin;
				PREBINDING = NO;
				PRODUCT_NAME = "unit tests";
				ZERO_LINK = NO;
			};
			name = Release;
		};
/* End XCBuildConfiguration section */

/* Begin XCConfigurationList section */
		1DEB923108733DC60010E9CD /* Build configuration list for PBXNativeTarget "xsfft" */ = {
			isa = XCConfigurationList;
			buildConfigurations = (
				1DEB923208733DC60010E9CD /* Debug */,
				1DEB923308733DC60010E9CD /* Release */,
			);
			defaultConfigurationIsVisible = 0;
			defaultConfigurationName = Release;
		};
		1DEB923508733DC60010E9CD /* Build configuration list for PBXProject "xsfft" */ = {
			isa = XCConfigurationList;
			buildConfigurations = (
				1DEB923608733DC60010E9CD /* Debug */,
				1DEB923708733DC60010E9CD /* Release */,
			);
			defaultConfigurationIsVisible = 0;
			defaultConfigurationName = Release;
		};
		1FED324C10AB738600A2EC33 /* Build configuration list for PBXNativeTarget "unit tests" */ = {
			isa = XCConfigurationList;
			buildConfigurations = (
				1FED324610AB736800A2EC33 /* Debug */,
				1FED324710AB736800A2EC33 /* Release */,
			);
			defaultConfigurationIsVisible = 0;
			defaultConfigurationName = Release;
		};
/* End XCConfigurationList section */
	};
	rootObject = 08FB7793FE84155DC02AAC07 /* Project object */;
}
